
Microsoft Visual Studio Solution File, Format Version 12.00
# Visual Studio Version 16
VisualStudioVersion = 16.0.31205.134
MinimumVisualStudioVersion = 10.0.40219.1
Project("{FAE04EC0-301F-11D3-BF4B-00C04F79EFBC}") = "JogoDaVelha", "JogoDaVelha\JogoDaVelha.csproj", "{0F117D37-76D8-45A5-AF83-E54782CF11A1}"
EndProject
Global
	GlobalSection(SolutionConfigurationPlatforms) = preSolution
		Debug|Any CPU = Debug|Any CPU
		Release|Any CPU = Release|Any CPU
	EndGlobalSection
	GlobalSection(ProjectConfigurationPlatforms) = postSolution
		{0F117D37-76D8-45A5-AF83-E54782CF11A1}.Debug|Any CPU.ActiveCfg = Debug|Any CPU
		{0F117D37-76D8-45A5-AF83-E54782CF11A1}.Debug|Any CPU.Build.0 = Debug|Any CPU
		{0F117D37-76D8-45A5-AF83-E54782CF11A1}.Release|Any CPU.ActiveCfg = Release|Any CPU
		{0F117D37-76D8-45A5-AF83-E54782CF11A1}.Release|Any CPU.Build.0 = Release|Any CPU
	EndGlobalSection
	GlobalSection(SolutionProperties) = preSolution
		HideSolutionNode = FALSE
	EndGlobalSection
	GlobalSection(ExtensibilityGlobals) = postSolution
		SolutionGuid = {666E1800-B4A3-44A0-A4A5-476CC0AC7973}
	EndGlobalSection
EndGlobal
